
Microsoft Visual Studio Solution File, Format Version 12.00
# Visual Studio 2012
Project("{FAE04EC0-301F-11D3-BF4B-00C04F79EFBC}") = "WowPad", "WowPad\WowPad.csproj", "{B79E081B-920E-4CD6-93DD-B1CA1FBC6950}"
EndProject
Project("{FAE04EC0-301F-11D3-BF4B-00C04F79EFBC}") = "WowPad AMK", "WowPad AMK\WowPad AMK.csproj", "{01889AA2-ADCB-427C-8AFF-9D37E3DB9C18}"
EndProject
Project("{FAE04EC0-301F-11D3-BF4B-00C04F79EFBC}") = "WowPad MK", "WowPad MK\WowPad MK.csproj", "{5F514DCC-8F4F-4351-8F07-952D41339882}"
EndProject
Project("{FAE04EC0-301F-11D3-BF4B-00C04F79EFBC}") = "WowPad ATK", "WowPad ATK\WowPad ATK.csproj", "{3089A476-88D6-4191-B13C-F63F381F4F04}"
EndProject
Project("{FAE04EC0-301F-11D3-BF4B-00C04F79EFBC}") = "WowPad TK", "WowPad TK\WowPad TK.csproj", "{8B4EF8E2-C231-4BD9-9BDB-A820E27A51C8}"
EndProject
Project("{FAE04EC0-301F-11D3-BF4B-00C04F79EFBC}") = "WowCommon.WP7", "WowCommon.WP7\WowCommon.WP7.csproj", "{15FCE39F-50F0-4179-99DA-F0358D9A3E4A}"
EndProject
Project("{FAE04EC0-301F-11D3-BF4B-00C04F79EFBC}") = "WowPad.WP7", "WowPad.WP7\WowPad.WP7.csproj", "{553FF5A3-9071-4C86-ACD7-F6C96774F740}"
EndProject
Project("{FAE04EC0-301F-11D3-BF4B-00C04F79EFBC}") = "WowCommon.WP8", "WowCommon.WP8\WowCommon.WP8.csproj", "{38218ABA-F141-43F1-A80A-737FAE3727D9}"
EndProject
Project("{FAE04EC0-301F-11D3-BF4B-00C04F79EFBC}") = "TypeForwarding", "TypeForwarding\TypeForwarding.csproj", "{44584EB4-0DC4-4E7E-8DC1-53D54B911D52}"
EndProject
Project("{FAE04EC0-301F-11D3-BF4B-00C04F79EFBC}") = "WowPad.WP7.AMK", "WowPad.WP7.AMK\WowPad.WP7.AMK.csproj", "{590871A5-543A-432A-9476-03998B2DE46B}"
EndProject
Project("{FAE04EC0-301F-11D3-BF4B-00C04F79EFBC}") = "WowPad.WP7.ATK", "WowPad.WP7.ATK\WowPad.WP7.ATK.csproj", "{693FCE43-E95D-443F-9A1F-D94B3C803DE6}"
EndProject
Project("{FAE04EC0-301F-11D3-BF4B-00C04F79EFBC}") = "WowPad.WP7.MK", "WowPad.WP7.MK\WowPad.WP7.MK.csproj", "{05836EB0-830A-4A63-86D5-6375AC12827D}"
EndProject
Project("{FAE04EC0-301F-11D3-BF4B-00C04F79EFBC}") = "WowPad.WP7.TK", "WowPad.WP7.TK\WowPad.WP7.TK.csproj", "{7FD42004-6D63-4389-9851-A406FE885526}"
EndProject
Project("{8BC9CEB8-8B4A-11D0-8D11-00A0C91BC942}") = "NetHelper", "..\Velostep\trunk\NetHelper\NetHelper.vcxproj", "{AE8FECA4-7E95-4A35-B758-58DA20D26515}"
EndProject
Global
	GlobalSection(SolutionConfigurationPlatforms) = preSolution
		Debug|Any CPU = Debug|Any CPU
		Debug|ARM = Debug|ARM
		Debug|Mixed Platforms = Debug|Mixed Platforms
		Debug|Win32 = Debug|Win32
		Debug|x86 = Debug|x86
		Release|Any CPU = Release|Any CPU
		Release|ARM = Release|ARM
		Release|Mixed Platforms = Release|Mixed Platforms
		Release|Win32 = Release|Win32
		Release|x86 = Release|x86
	EndGlobalSection
	GlobalSection(ProjectConfigurationPlatforms) = postSolution
		{B79E081B-920E-4CD6-93DD-B1CA1FBC6950}.Debug|Any CPU.ActiveCfg = Debug|Any CPU
		{B79E081B-920E-4CD6-93DD-B1CA1FBC6950}.Debug|Any CPU.Build.0 = Debug|Any CPU
		{B79E081B-920E-4CD6-93DD-B1CA1FBC6950}.Debug|Any CPU.Deploy.0 = Debug|Any CPU
		{B79E081B-920E-4CD6-93DD-B1CA1FBC6950}.Debug|ARM.ActiveCfg = Debug|ARM
		{B79E081B-920E-4CD6-93DD-B1CA1FBC6950}.Debug|ARM.Build.0 = Debug|ARM
		{B79E081B-920E-4CD6-93DD-B1CA1FBC6950}.Debug|ARM.Deploy.0 = Debug|ARM
		{B79E081B-920E-4CD6-93DD-B1CA1FBC6950}.Debug|Mixed Platforms.ActiveCfg = Debug|x86
		{B79E081B-920E-4CD6-93DD-B1CA1FBC6950}.Debug|Mixed Platforms.Build.0 = Debug|x86
		{B79E081B-920E-4CD6-93DD-B1CA1FBC6950}.Debug|Mixed Platforms.Deploy.0 = Debug|x86
		{B79E081B-920E-4CD6-93DD-B1CA1FBC6950}.Debug|Win32.ActiveCfg = Debug|x86
		{B79E081B-920E-4CD6-93DD-B1CA1FBC6950}.Debug|Win32.Build.0 = Debug|x86
		{B79E081B-920E-4CD6-93DD-B1CA1FBC6950}.Debug|Win32.Deploy.0 = Debug|x86
		{B79E081B-920E-4CD6-93DD-B1CA1FBC6950}.Debug|x86.ActiveCfg = Debug|x86
		{B79E081B-920E-4CD6-93DD-B1CA1FBC6950}.Debug|x86.Build.0 = Debug|x86
		{B79E081B-920E-4CD6-93DD-B1CA1FBC6950}.Debug|x86.Deploy.0 = Debug|x86
		{B79E081B-920E-4CD6-93DD-B1CA1FBC6950}.Release|Any CPU.ActiveCfg = Release|Any CPU
		{B79E081B-920E-4CD6-93DD-B1CA1FBC6950}.Release|Any CPU.Build.0 = Release|Any CPU
		{B79E081B-920E-4CD6-93DD-B1CA1FBC6950}.Release|Any CPU.Deploy.0 = Release|Any CPU
		{B79E081B-920E-4CD6-93DD-B1CA1FBC6950}.Release|ARM.ActiveCfg = Release|ARM
		{B79E081B-920E-4CD6-93DD-B1CA1FBC6950}.Release|ARM.Build.0 = Release|ARM
		{B79E081B-920E-4CD6-93DD-B1CA1FBC6950}.Release|ARM.Deploy.0 = Release|ARM
		{B79E081B-920E-4CD6-93DD-B1CA1FBC6950}.Release|Mixed Platforms.ActiveCfg = Release|x86
		{B79E081B-920E-4CD6-93DD-B1CA1FBC6950}.Release|Mixed Platforms.Build.0 = Release|x86
		{B79E081B-920E-4CD6-93DD-B1CA1FBC6950}.Release|Mixed Platforms.Deploy.0 = Release|x86
		{B79E081B-920E-4CD6-93DD-B1CA1FBC6950}.Release|Win32.ActiveCfg = Release|x86
		{B79E081B-920E-4CD6-93DD-B1CA1FBC6950}.Release|Win32.Build.0 = Release|x86
		{B79E081B-920E-4CD6-93DD-B1CA1FBC6950}.Release|Win32.Deploy.0 = Release|x86
		{B79E081B-920E-4CD6-93DD-B1CA1FBC6950}.Release|x86.ActiveCfg = Release|x86
		{B79E081B-920E-4CD6-93DD-B1CA1FBC6950}.Release|x86.Build.0 = Release|x86
		{B79E081B-920E-4CD6-93DD-B1CA1FBC6950}.Release|x86.Deploy.0 = Release|x86
		{01889AA2-ADCB-427C-8AFF-9D37E3DB9C18}.Debug|Any CPU.ActiveCfg = Debug|Any CPU
		{01889AA2-ADCB-427C-8AFF-9D37E3DB9C18}.Debug|Any CPU.Build.0 = Debug|Any CPU
		{01889AA2-ADCB-427C-8AFF-9D37E3DB9C18}.Debug|Any CPU.Deploy.0 = Debug|Any CPU
		{01889AA2-ADCB-427C-8AFF-9D37E3DB9C18}.Debug|ARM.ActiveCfg = Debug|ARM
		{01889AA2-ADCB-427C-8AFF-9D37E3DB9C18}.Debug|ARM.Build.0 = Debug|ARM
		{01889AA2-ADCB-427C-8AFF-9D37E3DB9C18}.Debug|ARM.Deploy.0 = Debug|ARM
		{01889AA2-ADCB-427C-8AFF-9D37E3DB9C18}.Debug|Mixed Platforms.ActiveCfg = Debug|x86
		{01889AA2-ADCB-427C-8AFF-9D37E3DB9C18}.Debug|Mixed Platforms.Build.0 = Debug|x86
		{01889AA2-ADCB-427C-8AFF-9D37E3DB9C18}.Debug|Mixed Platforms.Deploy.0 = Debug|x86
		{01889AA2-ADCB-427C-8AFF-9D37E3DB9C18}.Debug|Win32.ActiveCfg = Debug|x86
		{01889AA2-ADCB-427C-8AFF-9D37E3DB9C18}.Debug|Win32.Build.0 = Debug|x86
		{01889AA2-ADCB-427C-8AFF-9D37E3DB9C18}.Debug|Win32.Deploy.0 = Debug|x86
		{01889AA2-ADCB-427C-8AFF-9D37E3DB9C18}.Debug|x86.ActiveCfg = Debug|x86
		{01889AA2-ADCB-427C-8AFF-9D37E3DB9C18}.Debug|x86.Build.0 = Debug|x86
		{01889AA2-ADCB-427C-8AFF-9D37E3DB9C18}.Debug|x86.Deploy.0 = Debug|x86
		{01889AA2-ADCB-427C-8AFF-9D37E3DB9C18}.Release|Any CPU.ActiveCfg = Release|Any CPU
		{01889AA2-ADCB-427C-8AFF-9D37E3DB9C18}.Release|Any CPU.Build.0 = Release|Any CPU
		{01889AA2-ADCB-427C-8AFF-9D37E3DB9C18}.Release|Any CPU.Deploy.0 = Release|Any CPU
		{01889AA2-ADCB-427C-8AFF-9D37E3DB9C18}.Release|ARM.ActiveCfg = Release|ARM
		{01889AA2-ADCB-427C-8AFF-9D37E3DB9C18}.Release|ARM.Build.0 = Release|ARM
		{01889AA2-ADCB-427C-8AFF-9D37E3DB9C18}.Release|ARM.Deploy.0 = Release|ARM
		{01889AA2-ADCB-427C-8AFF-9D37E3DB9C18}.Release|Mixed Platforms.ActiveCfg = Release|x86
		{01889AA2-ADCB-427C-8AFF-9D37E3DB9C18}.Release|Mixed Platforms.Build.0 = Release|x86
		{01889AA2-ADCB-427C-8AFF-9D37E3DB9C18}.Release|Mixed Platforms.Deploy.0 = Release|x86
		{01889AA2-ADCB-427C-8AFF-9D37E3DB9C18}.Release|Win32.ActiveCfg = Release|x86
		{01889AA2-ADCB-427C-8AFF-9D37E3DB9C18}.Release|Win32.Build.0 = Release|x86
		{01889AA2-ADCB-427C-8AFF-9D37E3DB9C18}.Release|Win32.Deploy.0 = Release|x86
		{01889AA2-ADCB-427C-8AFF-9D37E3DB9C18}.Release|x86.ActiveCfg = Release|x86
		{01889AA2-ADCB-427C-8AFF-9D37E3DB9C18}.Release|x86.Build.0 = Release|x86
		{01889AA2-ADCB-427C-8AFF-9D37E3DB9C18}.Release|x86.Deploy.0 = Release|x86
		{5F514DCC-8F4F-4351-8F07-952D41339882}.Debug|Any CPU.ActiveCfg = Debug|Any CPU
		{5F514DCC-8F4F-4351-8F07-952D41339882}.Debug|Any CPU.Build.0 = Debug|Any CPU
		{5F514DCC-8F4F-4351-8F07-952D41339882}.Debug|Any CPU.Deploy.0 = Debug|Any CPU
		{5F514DCC-8F4F-4351-8F07-952D41339882}.Debug|ARM.ActiveCfg = Debug|ARM
		{5F514DCC-8F4F-4351-8F07-952D41339882}.Debug|ARM.Build.0 = Debug|ARM
		{5F514DCC-8F4F-4351-8F07-952D41339882}.Debug|ARM.Deploy.0 = Debug|ARM
		{5F514DCC-8F4F-4351-8F07-952D41339882}.Debug|Mixed Platforms.ActiveCfg = Debug|x86
		{5F514DCC-8F4F-4351-8F07-952D41339882}.Debug|Mixed Platforms.Build.0 = Debug|x86
		{5F514DCC-8F4F-4351-8F07-952D41339882}.Debug|Mixed Platforms.Deploy.0 = Debug|x86
		{5F514DCC-8F4F-4351-8F07-952D41339882}.Debug|Win32.ActiveCfg = Debug|x86
		{5F514DCC-8F4F-4351-8F07-952D41339882}.Debug|Win32.Build.0 = Debug|x86
		{5F514DCC-8F4F-4351-8F07-952D41339882}.Debug|Win32.Deploy.0 = Debug|x86
		{5F514DCC-8F4F-4351-8F07-952D41339882}.Debug|x86.ActiveCfg = Debug|x86
		{5F514DCC-8F4F-4351-8F07-952D41339882}.Debug|x86.Build.0 = Debug|x86
		{5F514DCC-8F4F-4351-8F07-952D41339882}.Debug|x86.Deploy.0 = Debug|x86
		{5F514DCC-8F4F-4351-8F07-952D41339882}.Release|Any CPU.ActiveCfg = Release|Any CPU
		{5F514DCC-8F4F-4351-8F07-952D41339882}.Release|Any CPU.Build.0 = Release|Any CPU
		{5F514DCC-8F4F-4351-8F07-952D41339882}.Release|Any CPU.Deploy.0 = Release|Any CPU
		{5F514DCC-8F4F-4351-8F07-952D41339882}.Release|ARM.ActiveCfg = Release|ARM
		{5F514DCC-8F4F-4351-8F07-952D41339882}.Release|ARM.Build.0 = Release|ARM
		{5F514DCC-8F4F-4351-8F07-952D41339882}.Release|ARM.Deploy.0 = Release|ARM
		{5F514DCC-8F4F-4351-8F07-952D41339882}.Release|Mixed Platforms.ActiveCfg = Release|x86
		{5F514DCC-8F4F-4351-8F07-952D41339882}.Release|Mixed Platforms.Build.0 = Release|x86
		{5F514DCC-8F4F-4351-8F07-952D41339882}.Release|Mixed Platforms.Deploy.0 = Release|x86
		{5F514DCC-8F4F-4351-8F07-952D41339882}.Release|Win32.ActiveCfg = Release|x86
		{5F514DCC-8F4F-4351-8F07-952D41339882}.Release|Win32.Build.0 = Release|x86
		{5F514DCC-8F4F-4351-8F07-952D41339882}.Release|Win32.Deploy.0 = Release|x86
		{5F514DCC-8F4F-4351-8F07-952D41339882}.Release|x86.ActiveCfg = Release|x86
		{5F514DCC-8F4F-4351-8F07-952D41339882}.Release|x86.Build.0 = Release|x86
		{5F514DCC-8F4F-4351-8F07-952D41339882}.Release|x86.Deploy.0 = Release|x86
		{3089A476-88D6-4191-B13C-F63F381F4F04}.Debug|Any CPU.ActiveCfg = Debug|Any CPU
		{3089A476-88D6-4191-B13C-F63F381F4F04}.Debug|Any CPU.Build.0 = Debug|Any CPU
		{3089A476-88D6-4191-B13C-F63F381F4F04}.Debug|Any CPU.Deploy.0 = Debug|Any CPU
		{3089A476-88D6-4191-B13C-F63F381F4F04}.Debug|ARM.ActiveCfg = Debug|ARM
		{3089A476-88D6-4191-B13C-F63F381F4F04}.Debug|ARM.Build.0 = Debug|ARM
		{3089A476-88D6-4191-B13C-F63F381F4F04}.Debug|ARM.Deploy.0 = Debug|ARM
		{3089A476-88D6-4191-B13C-F63F381F4F04}.Debug|Mixed Platforms.ActiveCfg = Debug|x86
		{3089A476-88D6-4191-B13C-F63F381F4F04}.Debug|Mixed Platforms.Build.0 = Debug|x86
		{3089A476-88D6-4191-B13C-F63F381F4F04}.Debug|Mixed Platforms.Deploy.0 = Debug|x86
		{3089A476-88D6-4191-B13C-F63F381F4F04}.Debug|Win32.ActiveCfg = Debug|x86
		{3089A476-88D6-4191-B13C-F63F381F4F04}.Debug|Win32.Build.0 = Debug|x86
		{3089A476-88D6-4191-B13C-F63F381F4F04}.Debug|Win32.Deploy.0 = Debug|x86
		{3089A476-88D6-4191-B13C-F63F381F4F04}.Debug|x86.ActiveCfg = Debug|x86
		{3089A476-88D6-4191-B13C-F63F381F4F04}.Debug|x86.Build.0 = Debug|x86
		{3089A476-88D6-4191-B13C-F63F381F4F04}.Debug|x86.Deploy.0 = Debug|x86
		{3089A476-88D6-4191-B13C-F63F381F4F04}.Release|Any CPU.ActiveCfg = Release|Any CPU
		{3089A476-88D6-4191-B13C-F63F381F4F04}.Release|Any CPU.Build.0 = Release|Any CPU
		{3089A476-88D6-4191-B13C-F63F381F4F04}.Release|Any CPU.Deploy.0 = Release|Any CPU
		{3089A476-88D6-4191-B13C-F63F381F4F04}.Release|ARM.ActiveCfg = Release|ARM
		{3089A476-88D6-4191-B13C-F63F381F4F04}.Release|ARM.Build.0 = Release|ARM
		{3089A476-88D6-4191-B13C-F63F381F4F04}.Release|ARM.Deploy.0 = Release|ARM
		{3089A476-88D6-4191-B13C-F63F381F4F04}.Release|Mixed Platforms.ActiveCfg = Release|x86
		{3089A476-88D6-4191-B13C-F63F381F4F04}.Release|Mixed Platforms.Build.0 = Release|x86
		{3089A476-88D6-4191-B13C-F63F381F4F04}.Release|Mixed Platforms.Deploy.0 = Release|x86
		{3089A476-88D6-4191-B13C-F63F381F4F04}.Release|Win32.ActiveCfg = Release|x86
		{3089A476-88D6-4191-B13C-F63F381F4F04}.Release|Win32.Build.0 = Release|x86
		{3089A476-88D6-4191-B13C-F63F381F4F04}.Release|Win32.Deploy.0 = Release|x86
		{3089A476-88D6-4191-B13C-F63F381F4F04}.Release|x86.ActiveCfg = Release|x86
		{3089A476-88D6-4191-B13C-F63F381F4F04}.Release|x86.Build.0 = Release|x86
		{3089A476-88D6-4191-B13C-F63F381F4F04}.Release|x86.Deploy.0 = Release|x86
		{8B4EF8E2-C231-4BD9-9BDB-A820E27A51C8}.Debug|Any CPU.ActiveCfg = Debug|Any CPU
		{8B4EF8E2-C231-4BD9-9BDB-A820E27A51C8}.Debug|Any CPU.Build.0 = Debug|Any CPU
		{8B4EF8E2-C231-4BD9-9BDB-A820E27A51C8}.Debug|Any CPU.Deploy.0 = Debug|Any CPU
		{8B4EF8E2-C231-4BD9-9BDB-A820E27A51C8}.Debug|ARM.ActiveCfg = Debug|ARM
		{8B4EF8E2-C231-4BD9-9BDB-A820E27A51C8}.Debug|ARM.Build.0 = Debug|ARM
		{8B4EF8E2-C231-4BD9-9BDB-A820E27A51C8}.Debug|ARM.Deploy.0 = Debug|ARM
		{8B4EF8E2-C231-4BD9-9BDB-A820E27A51C8}.Debug|Mixed Platforms.ActiveCfg = Debug|x86
		{8B4EF8E2-C231-4BD9-9BDB-A820E27A51C8}.Debug|Mixed Platforms.Build.0 = Debug|x86
		{8B4EF8E2-C231-4BD9-9BDB-A820E27A51C8}.Debug|Mixed Platforms.Deploy.0 = Debug|x86
		{8B4EF8E2-C231-4BD9-9BDB-A820E27A51C8}.Debug|Win32.ActiveCfg = Debug|x86
		{8B4EF8E2-C231-4BD9-9BDB-A820E27A51C8}.Debug|Win32.Build.0 = Debug|x86
		{8B4EF8E2-C231-4BD9-9BDB-A820E27A51C8}.Debug|Win32.Deploy.0 = Debug|x86
		{8B4EF8E2-C231-4BD9-9BDB-A820E27A51C8}.Debug|x86.ActiveCfg = Debug|x86
		{8B4EF8E2-C231-4BD9-9BDB-A820E27A51C8}.Debug|x86.Build.0 = Debug|x86
		{8B4EF8E2-C231-4BD9-9BDB-A820E27A51C8}.Debug|x86.Deploy.0 = Debug|x86
		{8B4EF8E2-C231-4BD9-9BDB-A820E27A51C8}.Release|Any CPU.ActiveCfg = Release|Any CPU
		{8B4EF8E2-C231-4BD9-9BDB-A820E27A51C8}.Release|Any CPU.Build.0 = Release|Any CPU
		{8B4EF8E2-C231-4BD9-9BDB-A820E27A51C8}.Release|Any CPU.Deploy.0 = Release|Any CPU
		{8B4EF8E2-C231-4BD9-9BDB-A820E27A51C8}.Release|ARM.ActiveCfg = Release|ARM
		{8B4EF8E2-C231-4BD9-9BDB-A820E27A51C8}.Release|ARM.Build.0 = Release|ARM
		{8B4EF8E2-C231-4BD9-9BDB-A820E27A51C8}.Release|ARM.Deploy.0 = Release|ARM
		{8B4EF8E2-C231-4BD9-9BDB-A820E27A51C8}.Release|Mixed Platforms.ActiveCfg = Release|x86
		{8B4EF8E2-C231-4BD9-9BDB-A820E27A51C8}.Release|Mixed Platforms.Build.0 = Release|x86
		{8B4EF8E2-C231-4BD9-9BDB-A820E27A51C8}.Release|Mixed Platforms.Deploy.0 = Release|x86
		{8B4EF8E2-C231-4BD9-9BDB-A820E27A51C8}.Release|Win32.ActiveCfg = Release|x86
		{8B4EF8E2-C231-4BD9-9BDB-A820E27A51C8}.Release|Win32.Build.0 = Release|x86
		{8B4EF8E2-C231-4BD9-9BDB-A820E27A51C8}.Release|Win32.Deploy.0 = Release|x86
		{8B4EF8E2-C231-4BD9-9BDB-A820E27A51C8}.Release|x86.ActiveCfg = Release|x86
		{8B4EF8E2-C231-4BD9-9BDB-A820E27A51C8}.Release|x86.Build.0 = Release|x86
		{8B4EF8E2-C231-4BD9-9BDB-A820E27A51C8}.Release|x86.Deploy.0 = Release|x86
		{15FCE39F-50F0-4179-99DA-F0358D9A3E4A}.Debug|Any CPU.ActiveCfg = Debug|Any CPU
		{15FCE39F-50F0-4179-99DA-F0358D9A3E4A}.Debug|Any CPU.Build.0 = Debug|Any CPU
		{15FCE39F-50F0-4179-99DA-F0358D9A3E4A}.Debug|ARM.ActiveCfg = Debug|Any CPU
		{15FCE39F-50F0-4179-99DA-F0358D9A3E4A}.Debug|Mixed Platforms.ActiveCfg = Debug|Any CPU
		{15FCE39F-50F0-4179-99DA-F0358D9A3E4A}.Debug|Mixed Platforms.Build.0 = Debug|Any CPU
		{15FCE39F-50F0-4179-99DA-F0358D9A3E4A}.Debug|Win32.ActiveCfg = Debug|Any CPU
		{15FCE39F-50F0-4179-99DA-F0358D9A3E4A}.Debug|x86.ActiveCfg = Debug|Any CPU
		{15FCE39F-50F0-4179-99DA-F0358D9A3E4A}.Release|Any CPU.ActiveCfg = Release|Any CPU
		{15FCE39F-50F0-4179-99DA-F0358D9A3E4A}.Release|Any CPU.Build.0 = Release|Any CPU
		{15FCE39F-50F0-4179-99DA-F0358D9A3E4A}.Release|ARM.ActiveCfg = Release|Any CPU
		{15FCE39F-50F0-4179-99DA-F0358D9A3E4A}.Release|Mixed Platforms.ActiveCfg = Release|Any CPU
		{15FCE39F-50F0-4179-99DA-F0358D9A3E4A}.Release|Mixed Platforms.Build.0 = Release|Any CPU
		{15FCE39F-50F0-4179-99DA-F0358D9A3E4A}.Release|Win32.ActiveCfg = Release|Any CPU
		{15FCE39F-50F0-4179-99DA-F0358D9A3E4A}.Release|x86.ActiveCfg = Release|Any CPU
		{553FF5A3-9071-4C86-ACD7-F6C96774F740}.Debug|Any CPU.ActiveCfg = Debug|Any CPU
		{553FF5A3-9071-4C86-ACD7-F6C96774F740}.Debug|Any CPU.Build.0 = Debug|Any CPU
		{553FF5A3-9071-4C86-ACD7-F6C96774F740}.Debug|Any CPU.Deploy.0 = Debug|Any CPU
		{553FF5A3-9071-4C86-ACD7-F6C96774F740}.Debug|ARM.ActiveCfg = Debug|Any CPU
		{553FF5A3-9071-4C86-ACD7-F6C96774F740}.Debug|Mixed Platforms.ActiveCfg = Debug|Any CPU
		{553FF5A3-9071-4C86-ACD7-F6C96774F740}.Debug|Mixed Platforms.Build.0 = Debug|Any CPU
		{553FF5A3-9071-4C86-ACD7-F6C96774F740}.Debug|Mixed Platforms.Deploy.0 = Debug|Any CPU
		{553FF5A3-9071-4C86-ACD7-F6C96774F740}.Debug|Win32.ActiveCfg = Debug|Any CPU
		{553FF5A3-9071-4C86-ACD7-F6C96774F740}.Debug|x86.ActiveCfg = Debug|Any CPU
		{553FF5A3-9071-4C86-ACD7-F6C96774F740}.Release|Any CPU.ActiveCfg = Release|Any CPU
		{553FF5A3-9071-4C86-ACD7-F6C96774F740}.Release|Any CPU.Build.0 = Release|Any CPU
		{553FF5A3-9071-4C86-ACD7-F6C96774F740}.Release|Any CPU.Deploy.0 = Release|Any CPU
		{553FF5A3-9071-4C86-ACD7-F6C96774F740}.Release|ARM.ActiveCfg = Release|Any CPU
		{553FF5A3-9071-4C86-ACD7-F6C96774F740}.Release|Mixed Platforms.ActiveCfg = Release|Any CPU
		{553FF5A3-9071-4C86-ACD7-F6C96774F740}.Release|Mixed Platforms.Build.0 = Release|Any CPU
		{553FF5A3-9071-4C86-ACD7-F6C96774F740}.Release|Mixed Platforms.Deploy.0 = Release|Any CPU
		{553FF5A3-9071-4C86-ACD7-F6C96774F740}.Release|Win32.ActiveCfg = Release|Any CPU
		{553FF5A3-9071-4C86-ACD7-F6C96774F740}.Release|x86.ActiveCfg = Release|Any CPU
		{38218ABA-F141-43F1-A80A-737FAE3727D9}.Debug|Any CPU.ActiveCfg = Debug|Any CPU
		{38218ABA-F141-43F1-A80A-737FAE3727D9}.Debug|Any CPU.Build.0 = Debug|Any CPU
		{38218ABA-F141-43F1-A80A-737FAE3727D9}.Debug|ARM.ActiveCfg = Debug|ARM
		{38218ABA-F141-43F1-A80A-737FAE3727D9}.Debug|ARM.Build.0 = Debug|ARM
		{38218ABA-F141-43F1-A80A-737FAE3727D9}.Debug|Mixed Platforms.ActiveCfg = Debug|x86
		{38218ABA-F141-43F1-A80A-737FAE3727D9}.Debug|Mixed Platforms.Build.0 = Debug|x86
		{38218ABA-F141-43F1-A80A-737FAE3727D9}.Debug|Win32.ActiveCfg = Debug|x86
		{38218ABA-F141-43F1-A80A-737FAE3727D9}.Debug|Win32.Build.0 = Debug|x86
		{38218ABA-F141-43F1-A80A-737FAE3727D9}.Debug|x86.ActiveCfg = Debug|x86
		{38218ABA-F141-43F1-A80A-737FAE3727D9}.Debug|x86.Build.0 = Debug|x86
		{38218ABA-F141-43F1-A80A-737FAE3727D9}.Release|Any CPU.ActiveCfg = Release|Any CPU
		{38218ABA-F141-43F1-A80A-737FAE3727D9}.Release|Any CPU.Build.0 = Release|Any CPU
		{38218ABA-F141-43F1-A80A-737FAE3727D9}.Release|ARM.ActiveCfg = Release|ARM
		{38218ABA-F141-43F1-A80A-737FAE3727D9}.Release|ARM.Build.0 = Release|ARM
		{38218ABA-F141-43F1-A80A-737FAE3727D9}.Release|Mixed Platforms.ActiveCfg = Release|x86
		{38218ABA-F141-43F1-A80A-737FAE3727D9}.Release|Mixed Platforms.Build.0 = Release|x86
		{38218ABA-F141-43F1-A80A-737FAE3727D9}.Release|Win32.ActiveCfg = Release|x86
		{38218ABA-F141-43F1-A80A-737FAE3727D9}.Release|Win32.Build.0 = Release|x86
		{38218ABA-F141-43F1-A80A-737FAE3727D9}.Release|x86.ActiveCfg = Release|x86
		{38218ABA-F141-43F1-A80A-737FAE3727D9}.Release|x86.Build.0 = Release|x86
		{44584EB4-0DC4-4E7E-8DC1-53D54B911D52}.Debug|Any CPU.ActiveCfg = Debug|Any CPU
		{44584EB4-0DC4-4E7E-8DC1-53D54B911D52}.Debug|Any CPU.Build.0 = Debug|Any CPU
		{44584EB4-0DC4-4E7E-8DC1-53D54B911D52}.Debug|ARM.ActiveCfg = Debug|ARM
		{44584EB4-0DC4-4E7E-8DC1-53D54B911D52}.Debug|ARM.Build.0 = Debug|ARM
		{44584EB4-0DC4-4E7E-8DC1-53D54B911D52}.Debug|Mixed Platforms.ActiveCfg = Debug|x86
		{44584EB4-0DC4-4E7E-8DC1-53D54B911D52}.Debug|Mixed Platforms.Build.0 = Debug|x86
		{44584EB4-0DC4-4E7E-8DC1-53D54B911D52}.Debug|Win32.ActiveCfg = Debug|x86
		{44584EB4-0DC4-4E7E-8DC1-53D54B911D52}.Debug|Win32.Build.0 = Debug|x86
		{44584EB4-0DC4-4E7E-8DC1-53D54B911D52}.Debug|x86.ActiveCfg = Debug|x86
		{44584EB4-0DC4-4E7E-8DC1-53D54B911D52}.Debug|x86.Build.0 = Debug|x86
		{44584EB4-0DC4-4E7E-8DC1-53D54B911D52}.Release|Any CPU.ActiveCfg = Release|Any CPU
		{44584EB4-0DC4-4E7E-8DC1-53D54B911D52}.Release|Any CPU.Build.0 = Release|Any CPU
		{44584EB4-0DC4-4E7E-8DC1-53D54B911D52}.Release|ARM.ActiveCfg = Release|ARM
		{44584EB4-0DC4-4E7E-8DC1-53D54B911D52}.Release|ARM.Build.0 = Release|ARM
		{44584EB4-0DC4-4E7E-8DC1-53D54B911D52}.Release|Mixed Platforms.ActiveCfg = Release|x86
		{44584EB4-0DC4-4E7E-8DC1-53D54B911D52}.Release|Mixed Platforms.Build.0 = Release|x86
		{44584EB4-0DC4-4E7E-8DC1-53D54B911D52}.Release|Win32.ActiveCfg = Release|x86
		{44584EB4-0DC4-4E7E-8DC1-53D54B911D52}.Release|Win32.Build.0 = Release|x86
		{44584EB4-0DC4-4E7E-8DC1-53D54B911D52}.Release|x86.ActiveCfg = Release|x86
		{44584EB4-0DC4-4E7E-8DC1-53D54B911D52}.Release|x86.Build.0 = Release|x86
		{590871A5-543A-432A-9476-03998B2DE46B}.Debug|Any CPU.ActiveCfg = Debug|Any CPU
		{590871A5-543A-432A-9476-03998B2DE46B}.Debug|Any CPU.Build.0 = Debug|Any CPU
		{590871A5-543A-432A-9476-03998B2DE46B}.Debug|Any CPU.Deploy.0 = Debug|Any CPU
		{590871A5-543A-432A-9476-03998B2DE46B}.Debug|ARM.ActiveCfg = Debug|Any CPU
		{590871A5-543A-432A-9476-03998B2DE46B}.Debug|Mixed Platforms.ActiveCfg = Debug|Any CPU
		{590871A5-543A-432A-9476-03998B2DE46B}.Debug|Mixed Platforms.Build.0 = Debug|Any CPU
		{590871A5-543A-432A-9476-03998B2DE46B}.Debug|Mixed Platforms.Deploy.0 = Debug|Any CPU
		{590871A5-543A-432A-9476-03998B2DE46B}.Debug|Win32.ActiveCfg = Debug|Any CPU
		{590871A5-543A-432A-9476-03998B2DE46B}.Debug|x86.ActiveCfg = Debug|Any CPU
		{590871A5-543A-432A-9476-03998B2DE46B}.Release|Any CPU.ActiveCfg = Release|Any CPU
		{590871A5-543A-432A-9476-03998B2DE46B}.Release|Any CPU.Build.0 = Release|Any CPU
		{590871A5-543A-432A-9476-03998B2DE46B}.Release|Any CPU.Deploy.0 = Release|Any CPU
		{590871A5-543A-432A-9476-03998B2DE46B}.Release|ARM.ActiveCfg = Release|Any CPU
		{590871A5-543A-432A-9476-03998B2DE46B}.Release|Mixed Platforms.ActiveCfg = Release|Any CPU
		{590871A5-543A-432A-9476-03998B2DE46B}.Release|Mixed Platforms.Build.0 = Release|Any CPU
		{590871A5-543A-432A-9476-03998B2DE46B}.Release|Mixed Platforms.Deploy.0 = Release|Any CPU
		{590871A5-543A-432A-9476-03998B2DE46B}.Release|Win32.ActiveCfg = Release|Any CPU
		{590871A5-543A-432A-9476-03998B2DE46B}.Release|x86.ActiveCfg = Release|Any CPU
		{693FCE43-E95D-443F-9A1F-D94B3C803DE6}.Debug|Any CPU.ActiveCfg = Debug|Any CPU
		{693FCE43-E95D-443F-9A1F-D94B3C803DE6}.Debug|Any CPU.Build.0 = Debug|Any CPU
		{693FCE43-E95D-443F-9A1F-D94B3C803DE6}.Debug|Any CPU.Deploy.0 = Debug|Any CPU
		{693FCE43-E95D-443F-9A1F-D94B3C803DE6}.Debug|ARM.ActiveCfg = Debug|Any CPU
		{693FCE43-E95D-443F-9A1F-D94B3C803DE6}.Debug|Mixed Platforms.ActiveCfg = Debug|Any CPU
		{693FCE43-E95D-443F-9A1F-D94B3C803DE6}.Debug|Mixed Platforms.Build.0 = Debug|Any CPU
		{693FCE43-E95D-443F-9A1F-D94B3C803DE6}.Debug|Mixed Platforms.Deploy.0 = Debug|Any CPU
		{693FCE43-E95D-443F-9A1F-D94B3C803DE6}.Debug|Win32.ActiveCfg = Debug|Any CPU
		{693FCE43-E95D-443F-9A1F-D94B3C803DE6}.Debug|x86.ActiveCfg = Debug|Any CPU
		{693FCE43-E95D-443F-9A1F-D94B3C803DE6}.Release|Any CPU.ActiveCfg = Release|Any CPU
		{693FCE43-E95D-443F-9A1F-D94B3C803DE6}.Release|Any CPU.Build.0 = Release|Any CPU
		{693FCE43-E95D-443F-9A1F-D94B3C803DE6}.Release|Any CPU.Deploy.0 = Release|Any CPU
		{693FCE43-E95D-443F-9A1F-D94B3C803DE6}.Release|ARM.ActiveCfg = Release|Any CPU
		{693FCE43-E95D-443F-9A1F-D94B3C803DE6}.Release|Mixed Platforms.ActiveCfg = Release|Any CPU
		{693FCE43-E95D-443F-9A1F-D94B3C803DE6}.Release|Mixed Platforms.Build.0 = Release|Any CPU
		{693FCE43-E95D-443F-9A1F-D94B3C803DE6}.Release|Mixed Platforms.Deploy.0 = Release|Any CPU
		{693FCE43-E95D-443F-9A1F-D94B3C803DE6}.Release|Win32.ActiveCfg = Release|Any CPU
		{693FCE43-E95D-443F-9A1F-D94B3C803DE6}.Release|x86.ActiveCfg = Release|Any CPU
		{05836EB0-830A-4A63-86D5-6375AC12827D}.Debug|Any CPU.ActiveCfg = Debug|Any CPU
		{05836EB0-830A-4A63-86D5-6375AC12827D}.Debug|Any CPU.Build.0 = Debug|Any CPU
		{05836EB0-830A-4A63-86D5-6375AC12827D}.Debug|Any CPU.Deploy.0 = Debug|Any CPU
		{05836EB0-830A-4A63-86D5-6375AC12827D}.Debug|ARM.ActiveCfg = Debug|Any CPU
		{05836EB0-830A-4A63-86D5-6375AC12827D}.Debug|Mixed Platforms.ActiveCfg = Debug|Any CPU
		{05836EB0-830A-4A63-86D5-6375AC12827D}.Debug|Mixed Platforms.Build.0 = Debug|Any CPU
		{05836EB0-830A-4A63-86D5-6375AC12827D}.Debug|Mixed Platforms.Deploy.0 = Debug|Any CPU
		{05836EB0-830A-4A63-86D5-6375AC12827D}.Debug|Win32.ActiveCfg = Debug|Any CPU
		{05836EB0-830A-4A63-86D5-6375AC12827D}.Debug|x86.ActiveCfg = Debug|Any CPU
		{05836EB0-830A-4A63-86D5-6375AC12827D}.Release|Any CPU.ActiveCfg = Release|Any CPU
		{05836EB0-830A-4A63-86D5-6375AC12827D}.Release|Any CPU.Build.0 = Release|Any CPU
		{05836EB0-830A-4A63-86D5-6375AC12827D}.Release|Any CPU.Deploy.0 = Release|Any CPU
		{05836EB0-830A-4A63-86D5-6375AC12827D}.Release|ARM.ActiveCfg = Release|Any CPU
		{05836EB0-830A-4A63-86D5-6375AC12827D}.Release|Mixed Platforms.ActiveCfg = Release|Any CPU
		{05836EB0-830A-4A63-86D5-6375AC12827D}.Release|Mixed Platforms.Build.0 = Release|Any CPU
		{05836EB0-830A-4A63-86D5-6375AC12827D}.Release|Mixed Platforms.Deploy.0 = Release|Any CPU
		{05836EB0-830A-4A63-86D5-6375AC12827D}.Release|Win32.ActiveCfg = Release|Any CPU
		{05836EB0-830A-4A63-86D5-6375AC12827D}.Release|x86.ActiveCfg = Release|Any CPU
		{7FD42004-6D63-4389-9851-A406FE885526}.Debug|Any CPU.ActiveCfg = Debug|Any CPU
		{7FD42004-6D63-4389-9851-A406FE885526}.Debug|Any CPU.Build.0 = Debug|Any CPU
		{7FD42004-6D63-4389-9851-A406FE885526}.Debug|Any CPU.Deploy.0 = Debug|Any CPU
		{7FD42004-6D63-4389-9851-A406FE885526}.Debug|ARM.ActiveCfg = Debug|Any CPU
		{7FD42004-6D63-4389-9851-A406FE885526}.Debug|Mixed Platforms.ActiveCfg = Debug|Any CPU
		{7FD42004-6D63-4389-9851-A406FE885526}.Debug|Mixed Platforms.Build.0 = Debug|Any CPU
		{7FD42004-6D63-4389-9851-A406FE885526}.Debug|Mixed Platforms.Deploy.0 = Debug|Any CPU
		{7FD42004-6D63-4389-9851-A406FE885526}.Debug|Win32.ActiveCfg = Debug|Any CPU
		{7FD42004-6D63-4389-9851-A406FE885526}.Debug|x86.ActiveCfg = Debug|Any CPU
		{7FD42004-6D63-4389-9851-A406FE885526}.Release|Any CPU.ActiveCfg = Release|Any CPU
		{7FD42004-6D63-4389-9851-A406FE885526}.Release|Any CPU.Build.0 = Release|Any CPU
		{7FD42004-6D63-4389-9851-A406FE885526}.Release|Any CPU.Deploy.0 = Release|Any CPU
		{7FD42004-6D63-4389-9851-A406FE885526}.Release|ARM.ActiveCfg = Release|Any CPU
		{7FD42004-6D63-4389-9851-A406FE885526}.Release|Mixed Platforms.ActiveCfg = Release|Any CPU
		{7FD42004-6D63-4389-9851-A406FE885526}.Release|Mixed Platforms.Build.0 = Release|Any CPU
		{7FD42004-6D63-4389-9851-A406FE885526}.Release|Mixed Platforms.Deploy.0 = Release|Any CPU
		{7FD42004-6D63-4389-9851-A406FE885526}.Release|Win32.ActiveCfg = Release|Any CPU
		{7FD42004-6D63-4389-9851-A406FE885526}.Release|x86.ActiveCfg = Release|Any CPU
		{AE8FECA4-7E95-4A35-B758-58DA20D26515}.Debug|Any CPU.ActiveCfg = Debug|Win32
		{AE8FECA4-7E95-4A35-B758-58DA20D26515}.Debug|ARM.ActiveCfg = Debug|ARM
		{AE8FECA4-7E95-4A35-B758-58DA20D26515}.Debug|ARM.Build.0 = Debug|ARM
		{AE8FECA4-7E95-4A35-B758-58DA20D26515}.Debug|Mixed Platforms.ActiveCfg = Debug|Win32
		{AE8FECA4-7E95-4A35-B758-58DA20D26515}.Debug|Mixed Platforms.Build.0 = Debug|Win32
		{AE8FECA4-7E95-4A35-B758-58DA20D26515}.Debug|Mixed Platforms.Deploy.0 = Debug|Win32
		{AE8FECA4-7E95-4A35-B758-58DA20D26515}.Debug|Win32.ActiveCfg = Debug|Win32
		{AE8FECA4-7E95-4A35-B758-58DA20D26515}.Debug|Win32.Build.0 = Debug|Win32
		{AE8FECA4-7E95-4A35-B758-58DA20D26515}.Debug|Win32.Deploy.0 = Debug|Win32
		{AE8FECA4-7E95-4A35-B758-58DA20D26515}.Debug|x86.ActiveCfg = Debug|Win32
		{AE8FECA4-7E95-4A35-B758-58DA20D26515}.Debug|x86.Build.0 = Debug|Win32
		{AE8FECA4-7E95-4A35-B758-58DA20D26515}.Debug|x86.Deploy.0 = Debug|Win32
		{AE8FECA4-7E95-4A35-B758-58DA20D26515}.Release|Any CPU.ActiveCfg = Release|Win32
		{AE8FECA4-7E95-4A35-B758-58DA20D26515}.Release|ARM.ActiveCfg = Release|ARM
		{AE8FECA4-7E95-4A35-B758-58DA20D26515}.Release|ARM.Build.0 = Release|ARM
		{AE8FECA4-7E95-4A35-B758-58DA20D26515}.Release|Mixed Platforms.ActiveCfg = Release|Win32
		{AE8FECA4-7E95-4A35-B758-58DA20D26515}.Release|Mixed Platforms.Build.0 = Release|Win32
		{AE8FECA4-7E95-4A35-B758-58DA20D26515}.Release|Mixed Platforms.Deploy.0 = Release|Win32
		{AE8FECA4-7E95-4A35-B758-58DA20D26515}.Release|Win32.ActiveCfg = Release|Win32
		{AE8FECA4-7E95-4A35-B758-58DA20D26515}.Release|Win32.Build.0 = Release|Win32
		{AE8FECA4-7E95-4A35-B758-58DA20D26515}.Release|Win32.Deploy.0 = Release|Win32
		{AE8FECA4-7E95-4A35-B758-58DA20D26515}.Release|x86.ActiveCfg = Release|Win32
		{AE8FECA4-7E95-4A35-B758-58DA20D26515}.Release|x86.Build.0 = Release|Win32
		{AE8FECA4-7E95-4A35-B758-58DA20D26515}.Release|x86.Deploy.0 = Release|Win32
	EndGlobalSection
	GlobalSection(SolutionProperties) = preSolution
		HideSolutionNode = FALSE
	EndGlobalSection
	GlobalSection(ExtensibilityGlobals) = postSolution
		VisualSVNWorkingCopyRoot = .
	EndGlobalSection
EndGlobal
